{
  "name": "marcuslindblom.com.nosync",
  "version": "1.0.0",
  "lockfileVersion": 2,
  "requires": true,
  "packages": {
    "": {
      "name": "marcuslindblom.com.nosync",
      "version": "1.0.0",
      "license": "ISC",
      "dependencies": {
        "@strifeapp/strife": "^0.0.6-preview.12"
      }
    },
    "node_modules/@strifeapp/strife": {
      "version": "0.0.6-preview.12",
      "resolved": "https://registry.npmjs.org/@strifeapp/strife/-/strife-0.0.6-preview.12.tgz",
      "integrity": "sha512-KqUynms84po+BuyV2BGyE7s9f6ciqUvPlpxfJdYatcfZwTW2AKLu7dRI/F9Xht1cJLD3n4n1duYVo0AjTPmQfQ=="
    }
  },
  "dependencies": {
    "@strifeapp/strife": {
      "version": "0.0.6-preview.12",
      "resolved": "https://registry.npmjs.org/@strifeapp/strife/-/strife-0.0.6-preview.12.tgz",
      "integrity": "sha512-KqUynms84po+BuyV2BGyE7s9f6ciqUvPlpxfJdYatcfZwTW2AKLu7dRI/F9Xht1cJLD3n4n1duYVo0AjTPmQfQ=="
    }
  }
}
